version = 1
revision = 3
requires-python = ">=3.13"

[[package]]
name = "colorama"
version = "0.4.6"
source = { registry = "https://pypi.org/simple" }
sdist = { url = "https://files.pythonhosted.org/packages/d8/53/6f443c9a4a8358a93a6792e2acffb9d9d5cb0a5cfd8802644b7b1c9a02e4/colorama-0.4.6.tar.gz", hash = "sha256:08695f5cb7ed6e0531a20572697297273c47b8cae5a63ffc6d6ed5c201be6e44", size = 27697, upload-time = "2022-10-25T02:36:22.414Z" }
wheels = [
    { url = "https://files.pythonhosted.org/packages/d1/d6/3965ed04c63042e047cb6a3e6ed1a63a35087b6a609aa3a15ed8ac56c221/colorama-0.4.6-py2.py3-none-any.whl", hash = "sha256:4f1d9991f5acc0ca119f9d443620b77f9d6b33703e51011c16baf57afb285fc6", size = 25335, upload-time = "2022-10-25T02:36:20.889Z" },
]

[[package]]
name = "iniconfig"
version = "2.3.0"
source = { registry = "https://pypi.org/simple" }
sdist = { url = "https://files.pythonhosted.org/packages/72/34/14ca021ce8e5dfedc35312d08ba8bf51fdd999c576889fc2c24cb97f4f10/iniconfig-2.3.0.tar.gz", hash = "sha256:c76315c77db068650d49c5b56314774a7804df16fee4402c1f19d6d15d8c4730", size = 20503, upload-time = "2025-10-18T21:55:43.219Z" }
wheels = [
    { url = "https://files.pythonhosted.org/packages/cb/b1/3846dd7f199d53cb17f49cba7e651e9ce294d8497c8c150530ed11865bb8/iniconfig-2.3.0-py3-none-any.whl", hash = "sha256:f631c04d2c48c52b84d0d0549c99ff3859c98df65b3101406327ecc7d53fbf12", size = 7484, upload-time = "2025-10-18T21:55:41.639Z" },
]

[[package]]
name = "packaging"
version = "26.0"
source = { registry = "https://pypi.org/simple" }
sdist = { url = "https://files.pythonhosted.org/packages/65/ee/299d360cdc32edc7d2cf530f3accf79c4fca01e96ffc950d8a52213bd8e4/packaging-26.0.tar.gz", hash = "sha256:00243ae351a257117b6a241061796684b084ed1c516a08c48a3f7e147a9d80b4", size = 143416, upload-time = "2026-01-21T20:50:39.064Z" }
wheels = [
    { url = "https://files.pythonhosted.org/packages/b7/b9/c538f279a4e237a006a2c98387d081e9eb060d203d8ed34467cc0f0b9b53/packaging-26.0-py3-none-any.whl", hash = "sha256:b36f1fef9334a5588b4166f8bcd26a14e521f2b55e6b9de3aaa80d3ff7a37529", size = 74366, upload-time = "2026-01-21T20:50:37.788Z" },
]

[[package]]
name = "pluggy"
version = "1.6.0"
source = { registry = "https://pypi.org/simple" }
sdist = { url = "https://files.pythonhosted.org/packages/f9/e2/3e91f31a7d2b083fe6ef3fa267035b518369d9511ffab804f839851d2779/pluggy-1.6.0.tar.gz", hash = "sha256:7dcc130b76258d33b90f61b658791dede3486c3e6bfb003ee5c9bfb396dd22f3", size = 69412, upload-time = "2025-05-15T12:30:07.975Z" }
wheels = [
    { url = "https://files.pythonhosted.org/packages/54/20/4d324d65cc6d9205fabedc306948156824eb9f0ee1633355a8f7ec5c66bf/pluggy-1.6.0-py3-none-any.whl", hash = "sha256:e920276dd6813095e9377c0bc5566d94c932c33b27a3e3945d8389c374dd4746", size = 20538, upload-time = "2025-05-15T12:30:06.134Z" },
]

[[package]]
name = "pygments"
version = "2.19.2"
source = { registry = "https://pypi.org/simple" }
sdist = { url = "https://files.pythonhosted.org/packages/b0/77/a5b8c569bf593b0140bde72ea885a803b82086995367bf2037de0159d924/pygments-2.19.2.tar.gz", hash = "sha256:636cb2477cec7f8952536970bc533bc43743542f70392ae026374600add5b887", size = 4968631, upload-time = "2025-06-21T13:39:12.283Z" }
wheels = [
    { url = "https://files.pythonhosted.org/packages/c7/21/705964c7812476f378728bdf590ca4b771ec72385c533964653c68e86bdc/pygments-2.19.2-py3-none-any.whl", hash = "sha256:86540386c03d588bb81d44bc3928634ff26449851e99741617ecb9037ee5ec0b", size = 1225217, upload-time = "2025-06-21T13:39:07.939Z" },
]

[[package]]
name = "pytest"
version = "9.0.2"
source = { registry = "https://pypi.org/simple" }
dependencies = [
    { name = "colorama", marker = "sys_platform == 'win32'" },
    { name = "iniconfig" },
    { name = "packaging" },
    { name = "pluggy" },
    { name = "pygments" },
]
sdist = { url = "https://files.pythonhosted.org/packages/d1/db/7ef3487e0fb0049ddb5ce41d3a49c235bf9ad299b6a25d5780a89f19230f/pytest-9.0.2.tar.gz", hash = "sha256:75186651a92bd89611d1d9fc20f0b4345fd827c41ccd5c299a868a05d70edf11", size = 1568901, upload-time = "2025-12-06T21:30:51.014Z" }
wheels = [
    { url = "https://files.pythonhosted.org/packages/3b/ab/b3226f0bd7cdcf710fbede2b3548584366da3b19b5021e74f5bde2a8fa3f/pytest-9.0.2-py3-none-any.whl", hash = "sha256:711ffd45bf766d5264d487b917733b453d917afd2b0ad65223959f59089f875b", size = 374801, upload-time = "2025-12-06T21:30:49.154Z" },
]

[[package]]
name = "ty"
version = "0.0.25"
source = { registry = "https://pypi.org/simple" }
sdist = { url = "https://files.pythonhosted.org/packages/12/bf/3c3147c7237277b0e8a911ff89de7183408be96b31fb42b38edb666d287f/ty-0.0.25.tar.gz", hash = "sha256:8ae3891be17dfb6acab51a2df3a8f8f6c551eb60ea674c10946dc92aae8d4401", size = 5375500, upload-time = "2026-03-24T22:32:34.608Z" }
wheels = [
    { url = "https://files.pythonhosted.org/packages/97/a4/6c289cbd1474285223124a4ffb55c078dbe9ae1d925d0b6a948643c7f115/ty-0.0.25-py3-none-linux_armv6l.whl", hash = "sha256:26d6d5aede5d54fb055779460f896d9c1473c6fb996716bd11cb90f027d8fee7", size = 10452747, upload-time = "2026-03-24T22:32:32.662Z" },
    { url = "https://files.pythonhosted.org/packages/00/13/74cb9de356b9ceb3f281ab048f8c4ac2207122161b0ac0066886ce129abe/ty-0.0.25-py3-none-macosx_10_12_x86_64.whl", hash = "sha256:aedcfbc7b6b96dbc55b0da78fa02bd049373ff3d8a827f613dadd8bd17d10758", size = 10271349, upload-time = "2026-03-24T22:32:13.041Z" },
    { url = "https://files.pythonhosted.org/packages/0e/93/ffc5a20cc9e14fa9b32b0c54884864bede30d144ce2ae013805bce0c86d0/ty-0.0.25-py3-none-macosx_11_0_arm64.whl", hash = "sha256:0a8fb3c1e28f73618941811e2568dca195178a1a6314651d4ee97086a4497253", size = 9730308, upload-time = "2026-03-24T22:32:19.24Z" },
    { url = "https://files.pythonhosted.org/packages/6d/78/52e05ef32a5f172fce70633a4e19d8e04364271a4322ae12382c7344b0de/ty-0.0.25-py3-none-manylinux_2_17_aarch64.manylinux2014_aarch64.whl", hash = "sha256:814870b7f347b5d0276304cddb98a0958f08de183bf159abc920ebe321247ad4", size = 10247664, upload-time = "2026-03-24T22:32:08.669Z" },
    { url = "https://files.pythonhosted.org/packages/c2/64/0d0a47ed0aa1d634c666c2cc15d3b0af4b95d0fd3dbb796032bd493f3433/ty-0.0.25-py3-none-manylinux_2_17_armv7l.manylinux2014_armv7l.whl", hash = "sha256:781150e23825dc110cd5e1f50ca3d61664f7a5db5b4a55d5dbf7d3b1e246b917", size = 10261961, upload-time = "2026-03-24T22:32:43.935Z" },
    { url = "https://files.pythonhosted.org/packages/3e/ba/4666b96f0499465efb97c244554107c541d74a1add393e62276b3de9b54f/ty-0.0.25-py3-none-manylinux_2_17_i686.manylinux2014_i686.whl", hash = "sha256:ffc81ff2a0143911321251dc81d1c259fa5cdc56d043019a733c845d55409e2a", size = 10746076, upload-time = "2026-03-24T22:32:26.37Z" },
    { url = "https://files.pythonhosted.org/packages/e7/ed/aa958ccbcd85cc206600e48fbf0a1c27aef54b4b90112d9a73f69ed0c739/ty-0.0.25-py3-none-manylinux_2_17_ppc64le.manylinux2014_ppc64le.whl", hash = "sha256:f03c5c5b5c10355ea030cbe3cd93b2e759b9492c66688288ea03a68086069f2e", size = 11287331, upload-time = "2026-03-24T22:32:21.607Z" },
    { url = "https://files.pythonhosted.org/packages/26/e4/f4a004e1952e6042f5bfeeb7d09cffb379270ef009d9f8568471863e86e6/ty-0.0.25-py3-none-manylinux_2_17_s390x.manylinux2014_s390x.whl", hash = "sha256:7fc1ef49cd6262eb9223ccf6e258ac899aaa53e7dc2151ba65a2c9fa248dfa75", size = 11028804, upload-time = "2026-03-24T22:32:39.088Z" },
    { url = "https://files.pythonhosted.org/packages/56/32/5c15bb8ea20ed54d43c734f253a2a5da95d41474caecf4ef3682df9f68f5/ty-0.0.25-py3-none-manylinux_2_17_x86_64.manylinux2014_x86_64.whl", hash = "sha256:7ad98da1393161096235a387cc36abecd31861060c68416761eccdb7c1bc326b", size = 10845246, upload-time = "2026-03-24T22:32:41.33Z" },
    { url = "https://files.pythonhosted.org/packages/6f/fe/4ddd83e810c8682fcfada0d1c9d38936a34a024d32d7736075c1e53a038e/ty-0.0.25-py3-none-musllinux_1_2_aarch64.whl", hash = "sha256:2d4336aa5381eb4eab107c3dec75fe22943a648ef6646f5a8431ef1c8cdabb66", size = 10233515, upload-time = "2026-03-24T22:32:17.012Z" },
    { url = "https://files.pythonhosted.org/packages/ad/db/9fe54f6fb952e5b218f2e661e64ed656512edf2046cfbb9c159558e255db/ty-0.0.25-py3-none-musllinux_1_2_armv7l.whl", hash = "sha256:e10ed39564227de2b7bd89398250b65daaedbef15a25cef8eee70078f5d9e0b2", size = 10275289, upload-time = "2026-03-24T22:32:28.21Z" },
    { url = "https://files.pythonhosted.org/packages/b1/e0/090d7b33791b42bc7ec29463ac6a634738e16b289e027608ebe542682773/ty-0.0.25-py3-none-musllinux_1_2_i686.whl", hash = "sha256:aca04e9ed9b61c706064a1c0b71a247c3f92f373d0222103f3bc54b649421796", size = 10461195, upload-time = "2026-03-24T22:32:24.252Z" },
    { url = "https://files.pythonhosted.org/packages/42/31/5bf12bce01b80b72a7a4e627380779b41510e730f6000862a1d078e423f7/ty-0.0.25-py3-none-musllinux_1_2_x86_64.whl", hash = "sha256:18a5443e4ef339c1bd8c57fc13112c22080617ea582bfc22b497d82d65361325", size = 10931471, upload-time = "2026-03-24T22:32:14.985Z" },
    { url = "https://files.pythonhosted.org/packages/6a/5e/ab60c11f8a6dd2a0ae96daac83458ef2e9be1ae70481d1ad9c59d3eaf20f/ty-0.0.25-py3-none-win32.whl", hash = "sha256:a685b9a611b69195b5a557e05dbb7ebcd12815f6c32fb27fdf15edeb1fa33d8f", size = 9835974, upload-time = "2026-03-24T22:32:36.86Z" },
    { url = "https://files.pythonhosted.org/packages/41/55/625acc2ef34646268bc2baa8fdd6e22fb47cd5965e2acd3be92c687fb6b0/ty-0.0.25-py3-none-win_amd64.whl", hash = "sha256:0d4d37a1f1ab7f2669c941c38c65144ff223eb51ececd7ccfc0d623afbc0f729", size = 10815449, upload-time = "2026-03-24T22:32:11.031Z" },
    { url = "https://files.pythonhosted.org/packages/82/c7/0147bfb543df97740b45b222c54ff79ef20fa57f14b9d2c1dab3cd7d3faa/ty-0.0.25-py3-none-win_arm64.whl", hash = "sha256:d80b8cd965cbacbfd887ac2d985f5b6da09b7aa3569371e2894e0b30b26b89cd", size = 10225494, upload-time = "2026-03-24T22:32:30.611Z" },
]

[[package]]
name = "urt30arcon"
version = "2.0.0"
source = { editable = "." }

[package.dev-dependencies]
dev = [
    { name = "pytest" },
    { name = "ty" },
]

[package.metadata]

[package.metadata.requires-dev]
dev = [
    { name = "pytest", specifier = ">=9.0.2" },
    { name = "ty", specifier = ">=0.0.24" },
]
