version = 1
revision = 3
requires-python = ">=3.13"

[[package]]
name = "colorama"
version = "0.4.6"
source = { registry = "https://pypi.org/simple" }
sdist = { url = "https://files.pythonhosted.org/packages/d8/53/6f443c9a4a8358a93a6792e2acffb9d9d5cb0a5cfd8802644b7b1c9a02e4/colorama-0.4.6.tar.gz", hash = "sha256:08695f5cb7ed6e0531a20572697297273c47b8cae5a63ffc6d6ed5c201be6e44", size = 27697, upload-time = "2022-10-25T02:36:22.414Z" }
wheels = [
    { url = "https://files.pythonhosted.org/packages/d1/d6/3965ed04c63042e047cb6a3e6ed1a63a35087b6a609aa3a15ed8ac56c221/colorama-0.4.6-py2.py3-none-any.whl", hash = "sha256:4f1d9991f5acc0ca119f9d443620b77f9d6b33703e51011c16baf57afb285fc6", size = 25335, upload-time = "2022-10-25T02:36:20.889Z" },
]

[[package]]
name = "iniconfig"
version = "2.3.0"
source = { registry = "https://pypi.org/simple" }
sdist = { url = "https://files.pythonhosted.org/packages/72/34/14ca021ce8e5dfedc35312d08ba8bf51fdd999c576889fc2c24cb97f4f10/iniconfig-2.3.0.tar.gz", hash = "sha256:c76315c77db068650d49c5b56314774a7804df16fee4402c1f19d6d15d8c4730", size = 20503, upload-time = "2025-10-18T21:55:43.219Z" }
wheels = [
    { url = "https://files.pythonhosted.org/packages/cb/b1/3846dd7f199d53cb17f49cba7e651e9ce294d8497c8c150530ed11865bb8/iniconfig-2.3.0-py3-none-any.whl", hash = "sha256:f631c04d2c48c52b84d0d0549c99ff3859c98df65b3101406327ecc7d53fbf12", size = 7484, upload-time = "2025-10-18T21:55:41.639Z" },
]

[[package]]
name = "packaging"
version = "26.2"
source = { registry = "https://pypi.org/simple" }
sdist = { url = "https://files.pythonhosted.org/packages/d7/f1/e7a6dd94a8d4a5626c03e4e99c87f241ba9e350cd9e6d75123f992427270/packaging-26.2.tar.gz", hash = "sha256:ff452ff5a3e828ce110190feff1178bb1f2ea2281fa2075aadb987c2fb221661", size = 228134, upload-time = "2026-04-24T20:15:23.917Z" }
wheels = [
    { url = "https://files.pythonhosted.org/packages/df/b2/87e62e8c3e2f4b32e5fe99e0b86d576da1312593b39f47d8ceef365e95ed/packaging-26.2-py3-none-any.whl", hash = "sha256:5fc45236b9446107ff2415ce77c807cee2862cb6fac22b8a73826d0693b0980e", size = 100195, upload-time = "2026-04-24T20:15:22.081Z" },
]

[[package]]
name = "pluggy"
version = "1.6.0"
source = { registry = "https://pypi.org/simple" }
sdist = { url = "https://files.pythonhosted.org/packages/f9/e2/3e91f31a7d2b083fe6ef3fa267035b518369d9511ffab804f839851d2779/pluggy-1.6.0.tar.gz", hash = "sha256:7dcc130b76258d33b90f61b658791dede3486c3e6bfb003ee5c9bfb396dd22f3", size = 69412, upload-time = "2025-05-15T12:30:07.975Z" }
wheels = [
    { url = "https://files.pythonhosted.org/packages/54/20/4d324d65cc6d9205fabedc306948156824eb9f0ee1633355a8f7ec5c66bf/pluggy-1.6.0-py3-none-any.whl", hash = "sha256:e920276dd6813095e9377c0bc5566d94c932c33b27a3e3945d8389c374dd4746", size = 20538, upload-time = "2025-05-15T12:30:06.134Z" },
]

[[package]]
name = "prek"
version = "0.4.6"
source = { registry = "https://pypi.org/simple" }
sdist = { url = "https://files.pythonhosted.org/packages/6e/90/e1c82c50f99b1a42a96f02aa8cc8304e8efe64db5f5290a800360387055c/prek-0.4.6.tar.gz", hash = "sha256:0173732cfdbd4d47c1dcd594767612ac46f1c1ba637d6d634cf745eb2f39c4a6", size = 492207, upload-time = "2026-07-01T03:27:55.108Z" }
wheels = [
    { url = "https://files.pythonhosted.org/packages/d5/a7/61ef540c2c7d37c0f92f7cc3c070b4a6b49220a569aff5590e27ff897334/prek-0.4.6-py3-none-linux_armv6l.whl", hash = "sha256:fd7711bd41146a868356bce65687e96cc33b15875558f75e9d9cc4dffe71cb20", size = 5655603, upload-time = "2026-07-01T03:27:21.321Z" },
    { url = "https://files.pythonhosted.org/packages/9f/10/190b586bf4171a74512a91ad2ab118b46885320c826451cc371bd1ae4b5a/prek-0.4.6-py3-none-macosx_10_12_x86_64.whl", hash = "sha256:a2260c17793f563f7d14c8578528dfc41d077c6b360bdd7b92cb1b120a921406", size = 6017876, upload-time = "2026-07-01T03:27:24.149Z" },
    { url = "https://files.pythonhosted.org/packages/e2/80/cc56023ce6e4dec6a2fe47d071a566ebdd96b965cf9fa7787cdee8e03dc5/prek-0.4.6-py3-none-macosx_11_0_arm64.whl", hash = "sha256:6c6b64f482764523d1b61f5ddd29384df4b395e84741fdf1af4c146e1556e710", size = 5566630, upload-time = "2026-07-01T03:27:26.095Z" },
    { url = "https://files.pythonhosted.org/packages/21/8b/9300a0c4db0f2b354519aeebd7bc31d3f6a72836f89dbdbd21a82844393a/prek-0.4.6-py3-none-manylinux_2_17_aarch64.manylinux2014_aarch64.musllinux_1_1_aarch64.whl", hash = "sha256:19a1f4a36ad736bb844f7d6166cd8f266bfd3b945193f080a2810fe8e36f51ac", size = 5839531, upload-time = "2026-07-01T03:27:28.009Z" },
    { url = "https://files.pythonhosted.org/packages/07/75/9b5625d3ee8f27e102af0d907ab7b8c4e4242d2b364db61392b3d0a75afd/prek-0.4.6-py3-none-manylinux_2_17_armv7l.manylinux2014_armv7l.whl", hash = "sha256:bd249e6e077e08279233aa5e59b4dcb9f7e1283d4a22c5a522a01764d540838c", size = 5566408, upload-time = "2026-07-01T03:27:30.105Z" },
    { url = "https://files.pythonhosted.org/packages/ff/0e/3c742f0aa5d564dca31b341b8f519578b5fcc52762a277c61e0df303fb6c/prek-0.4.6-py3-none-manylinux_2_17_i686.manylinux2014_i686.whl", hash = "sha256:302f0e262ecde9dcd942e74b52e6cf300baf1e277373bae727f107ad58d3dccc", size = 5963887, upload-time = "2026-07-01T03:27:32.633Z" },
    { url = "https://files.pythonhosted.org/packages/7a/09/94cde2c3aa9f16520939deadff83282363847174d034f95682543bf1530b/prek-0.4.6-py3-none-manylinux_2_17_s390x.manylinux2014_s390x.whl", hash = "sha256:e7a4294cbf828d8c44dba3375f8c2a95bef540a37217f8e7894eb46813b0a52c", size = 6741919, upload-time = "2026-07-01T03:27:34.556Z" },
    { url = "https://files.pythonhosted.org/packages/91/79/8204757f8e6be7464b36e9a33aea3fcde280830aadd72bc24f940b138fda/prek-0.4.6-py3-none-manylinux_2_17_x86_64.manylinux2014_x86_64.whl", hash = "sha256:94be5bf0ab55ccd662d921a50a266454c1d2b636cbd58906ab0cd0d54cfc6c7e", size = 6230066, upload-time = "2026-07-01T03:27:36.636Z" },
    { url = "https://files.pythonhosted.org/packages/f5/17/e9003e1fed5d91fce26786fbea2a405d3438310d574d5e3fa145bf860c8f/prek-0.4.6-py3-none-manylinux_2_28_aarch64.whl", hash = "sha256:01d7ef6e404e233bf34e2c1f841a502061e64cd986d72ba72424a7dbc6356f5f", size = 5843435, upload-time = "2026-07-01T03:27:39.707Z" },
    { url = "https://files.pythonhosted.org/packages/b2/86/b1b3abc2a0638a637fc756f1032672776d30b0809e82b20aaafdde749306/prek-0.4.6-py3-none-manylinux_2_31_riscv64.whl", hash = "sha256:ea204b6e47d8559fbf54a5dc4dd90f930a57f5ec36ba88466302e61e17c25815", size = 5708008, upload-time = "2026-07-01T03:27:41.677Z" },
    { url = "https://files.pythonhosted.org/packages/b7/59/d43be79bea11d99bea07c4f47b9bf9ae1269923fa4646739bbf68cf81c1c/prek-0.4.6-py3-none-musllinux_1_1_armv7l.whl", hash = "sha256:767363e86d428628e447e441448807cdfb7a7e4d71de644160f20236dc10eff8", size = 5539699, upload-time = "2026-07-01T03:27:43.707Z" },
    { url = "https://files.pythonhosted.org/packages/38/19/0fa6f8f761e185eb33e1b2b1d8214554f5a9e2925cd3f74f1a05a149c782/prek-0.4.6-py3-none-musllinux_1_1_i686.whl", hash = "sha256:2b8654ca8273ec1fd7f52a1cca7750998c38f368141ca19f840ea0aaff1ff9e6", size = 5819532, upload-time = "2026-07-01T03:27:45.86Z" },
    { url = "https://files.pythonhosted.org/packages/84/17/53953628a2647fe4f7026fd590136ffdb450583f1a97fbd00ae98404cc5e/prek-0.4.6-py3-none-musllinux_1_1_x86_64.whl", hash = "sha256:24d954a9d34b11c027ee298c5916efa2657189f2329ce59cc9846bf97d5ab74b", size = 6345962, upload-time = "2026-07-01T03:27:47.71Z" },
    { url = "https://files.pythonhosted.org/packages/9b/8e/f9cb05869e87fc4374d42a22fae349c10b5aff40b52d4850f05d8c511600/prek-0.4.6-py3-none-win32.whl", hash = "sha256:66f0f1ab5d36a0127da4d4b69bf0b19fbda51fc8486b58d379fb09e17fe7c0d4", size = 5337026, upload-time = "2026-07-01T03:27:49.713Z" },
    { url = "https://files.pythonhosted.org/packages/ef/04/597b7ac6a90986e7be2bebc9495c1faa51a05403fdefe63bab244d3c7d45/prek-0.4.6-py3-none-win_amd64.whl", hash = "sha256:4959aa66e619b48d4a6d453d0ca59320398e74846c7632898ee990d4e2f6ea8b", size = 5734832, upload-time = "2026-07-01T03:27:51.706Z" },
    { url = "https://files.pythonhosted.org/packages/30/b0/ecdf999cd2c01e972f7db324c39e21296032dd46730083ae7d7d34b15428/prek-0.4.6-py3-none-win_arm64.whl", hash = "sha256:0f3ddbd39e3a1c29be5ef3c02914f1886a556b8c9fe14bca94b40ff906029b17", size = 5568585, upload-time = "2026-07-01T03:27:53.596Z" },
]

[[package]]
name = "pygments"
version = "2.20.0"
source = { registry = "https://pypi.org/simple" }
sdist = { url = "https://files.pythonhosted.org/packages/c3/b2/bc9c9196916376152d655522fdcebac55e66de6603a76a02bca1b6414f6c/pygments-2.20.0.tar.gz", hash = "sha256:6757cd03768053ff99f3039c1a36d6c0aa0b263438fcab17520b30a303a82b5f", size = 4955991, upload-time = "2026-03-29T13:29:33.898Z" }
wheels = [
    { url = "https://files.pythonhosted.org/packages/f4/7e/a72dd26f3b0f4f2bf1dd8923c85f7ceb43172af56d63c7383eb62b332364/pygments-2.20.0-py3-none-any.whl", hash = "sha256:81a9e26dd42fd28a23a2d169d86d7ac03b46e2f8b59ed4698fb4785f946d0176", size = 1231151, upload-time = "2026-03-29T13:29:30.038Z" },
]

[[package]]
name = "pytest"
version = "9.1.1"
source = { registry = "https://pypi.org/simple" }
dependencies = [
    { name = "colorama", marker = "sys_platform == 'win32'" },
    { name = "iniconfig" },
    { name = "packaging" },
    { name = "pluggy" },
    { name = "pygments" },
]
sdist = { url = "https://files.pythonhosted.org/packages/e4/47/b9efed96c114afcfa3c9d3fe98a76a1d14c74a9e266d397cf6eb64be5e01/pytest-9.1.1.tar.gz", hash = "sha256:1088fbde8f2b49d95a549a195707afa7a76a3ce9bcadc26b6d71f0ffda5fe313", size = 1636369, upload-time = "2026-06-19T10:58:32.857Z" }
wheels = [
    { url = "https://files.pythonhosted.org/packages/24/25/1de2678b631f5a49215c6c96fff41ba892b0a34df68d6d80292b1b48aa7f/pytest-9.1.1-py3-none-any.whl", hash = "sha256:37a86b45efb9a47a61a36449063e8e18d0cab3161329fc099eb21783169c4f0c", size = 386536, upload-time = "2026-06-19T10:58:31.347Z" },
]

[[package]]
name = "ty"
version = "0.0.55"
source = { registry = "https://pypi.org/simple" }
sdist = { url = "https://files.pythonhosted.org/packages/08/48/f687c8d268e3581f2f104d1f2ac5944d5b5e841b3695c613b3f263e5bbf7/ty-0.0.55.tar.gz", hash = "sha256:88ca87073825a79a8327c550efcc86cec94344890244c5946f84c9e44a969f31", size = 6040230, upload-time = "2026-06-27T00:27:29.385Z" }
wheels = [
    { url = "https://files.pythonhosted.org/packages/87/a3/1a90ba7e5a61c6d09adb92346ddba97668095fc257b577af433e5ac4f404/ty-0.0.55-py3-none-linux_armv6l.whl", hash = "sha256:31e83eef512d066542fe990fe1a3b814423abd1616376c54e48af7045b3e1749", size = 11677249, upload-time = "2026-06-27T00:26:52.18Z" },
    { url = "https://files.pythonhosted.org/packages/82/3a/669f9aa478c38243e213a2684db1502086026cfadc15bb1b29b7cbde030d/ty-0.0.55-py3-none-macosx_10_12_x86_64.whl", hash = "sha256:ab4bca857950608fea73e269e2da369d43e6467131de85160d68e2fa466fa248", size = 11444180, upload-time = "2026-06-27T00:26:54.576Z" },
    { url = "https://files.pythonhosted.org/packages/15/a4/6a4b2507a53ce6530c66c5b4fe0d58551eb1748ffa9e0696c32fdd55bbd4/ty-0.0.55-py3-none-macosx_11_0_arm64.whl", hash = "sha256:55032bfd31bf2c5355ee81bdc6407b144a1cc7ee41e5681dd1368e4cef2ba327", size = 10963134, upload-time = "2026-06-27T00:26:57.348Z" },
    { url = "https://files.pythonhosted.org/packages/ce/ae/a3b1a0f1cc83b7d258662cb98aa80a720c2e671d0e8fa0d17a4d5d057a7a/ty-0.0.55-py3-none-manylinux_2_17_aarch64.manylinux2014_aarch64.whl", hash = "sha256:ef1e049f69ce65b3c269af67624607f435e1c32319786c1e453ef9611502f295", size = 11493517, upload-time = "2026-06-27T00:26:59.26Z" },
    { url = "https://files.pythonhosted.org/packages/0d/9f/311ce39065a979ef40a9b847f685c8e02464e53adf1671e081eea90640ca/ty-0.0.55-py3-none-manylinux_2_17_armv7l.manylinux2014_armv7l.whl", hash = "sha256:631409975c681d5a280fc5a99b7b32e9e801f33be7567c6b42ec331362f59d7d", size = 11460590, upload-time = "2026-06-27T00:27:01.425Z" },
    { url = "https://files.pythonhosted.org/packages/cd/8f/3bf29aa77bd78aae48275153135a2052fa7d3ccdf1ecabeb99c8773abd66/ty-0.0.55-py3-none-manylinux_2_17_i686.manylinux2014_i686.whl", hash = "sha256:e08cb0436e68b9351555ae8f2697138c9009b4d5b4ae4272232988b2a431a98f", size = 12098430, upload-time = "2026-06-27T00:27:03.596Z" },
    { url = "https://files.pythonhosted.org/packages/bc/6e/e88411a88240b94640bba06fb6d0d92b247fbeef47ee2bc71f39e58c2558/ty-0.0.55-py3-none-manylinux_2_17_ppc64le.manylinux2014_ppc64le.whl", hash = "sha256:16c215ad9f823829409b94ee188cfaa4563f6e1384f6ce3fecb1db75f6c7cf7c", size = 12673086, upload-time = "2026-06-27T00:27:05.589Z" },
    { url = "https://files.pythonhosted.org/packages/6c/7e/8f1762fb7f9245a68ba5ae338d73c59403ce57554e5d311b8bb55027b0ec/ty-0.0.55-py3-none-manylinux_2_17_s390x.manylinux2014_s390x.whl", hash = "sha256:b510eb8f4032baf11b7aee2f1d53babc3b4ca03939b9cdcf6a9d15761d575188", size = 12242559, upload-time = "2026-06-27T00:27:07.714Z" },
    { url = "https://files.pythonhosted.org/packages/72/1f/143657daf2670d977dac83435f1fe03d4843efb798d8e1e75950e541aadd/ty-0.0.55-py3-none-manylinux_2_17_x86_64.manylinux2014_x86_64.whl", hash = "sha256:0ddc05e7959709c3b9b83aa627128a80446865e3c1a4882638dcff6d776dc34a", size = 12021409, upload-time = "2026-06-27T00:27:09.881Z" },
    { url = "https://files.pythonhosted.org/packages/6d/30/69487c439dd1fad3a4a3d96f0a472193de297eaba6fc4b8ea687ce434ac2/ty-0.0.55-py3-none-manylinux_2_31_riscv64.whl", hash = "sha256:636e8e5078787b8c6916c94e1406719f10189a4ca6b37b813a5922ce5857a8c7", size = 12303807, upload-time = "2026-06-27T00:27:11.986Z" },
    { url = "https://files.pythonhosted.org/packages/e8/ca/cd88b6493dafc7db077f5e17c0438eb3af6e2d6d08f616dbb52a8ddfd567/ty-0.0.55-py3-none-musllinux_1_2_aarch64.whl", hash = "sha256:ef7d6deaacb73fec603666b5471f1dc5a5699aa84e11a6d4d644dd07ca72121e", size = 11441263, upload-time = "2026-06-27T00:27:14.087Z" },
    { url = "https://files.pythonhosted.org/packages/aa/fe/66b6915671653ab739f71e4f1b0528e69da64429b7ebf3840c625b6e43f2/ty-0.0.55-py3-none-musllinux_1_2_armv7l.whl", hash = "sha256:9aeea0fe5875d3cf37faf0e44d0fdf9669335467749741b8fc0103916fb5cd32", size = 11484584, upload-time = "2026-06-27T00:27:16.311Z" },
    { url = "https://files.pythonhosted.org/packages/4a/4f/7a9c0bbac8b899e9f6c0ec110c6612f52e4db35f6bb17ddc0ef60384fa3e/ty-0.0.55-py3-none-musllinux_1_2_i686.whl", hash = "sha256:0b699c01310dbd2705a07c97c5f4aaeedef61bd9adeea2e7c46aed32401d3576", size = 11759309, upload-time = "2026-06-27T00:27:18.471Z" },
    { url = "https://files.pythonhosted.org/packages/ca/de/b6f8b1b69aa631b5716ef3f985c3b56de0e46c2499cc00d30c402b41f714/ty-0.0.55-py3-none-musllinux_1_2_x86_64.whl", hash = "sha256:32cbeba543e46de2a983ec6d525d8b56514f7422bd1e1b57c44ccf7bfa72c38a", size = 12128755, upload-time = "2026-06-27T00:27:20.55Z" },
    { url = "https://files.pythonhosted.org/packages/7d/90/a912531e51ee7e076b42972479290fa687c0f5e747b7e773f3033164acaa/ty-0.0.55-py3-none-win32.whl", hash = "sha256:52b968e24eb4f7a5c3bd251db1f99f60dd385890356d38fc619d84f1b423446a", size = 11117501, upload-time = "2026-06-27T00:27:22.714Z" },
    { url = "https://files.pythonhosted.org/packages/4c/7a/99d59843bf8908a7f9f4d13fda107dbad07b7faa28ecd7860eacf363fb1c/ty-0.0.55-py3-none-win_amd64.whl", hash = "sha256:bf39cbfdc0add44d94bd3fff1f53c351418d134b6a66b87efdb7876d7b7a2224", size = 12150106, upload-time = "2026-06-27T00:27:24.881Z" },
    { url = "https://files.pythonhosted.org/packages/b3/44/20987505cedf2a865b08482f0eabc181fd9599b062964057ec8a128a4296/ty-0.0.55-py3-none-win_arm64.whl", hash = "sha256:f7f3700a9a060e8f1af11e4fb63fafcaf272b041781f4ccdfda2b3b5c6c1e439", size = 11560157, upload-time = "2026-06-27T00:27:27.332Z" },
]

[[package]]
name = "urt30arcon"
version = "2.1.3"
source = { editable = "." }

[package.dev-dependencies]
dev = [
    { name = "prek" },
    { name = "pytest" },
    { name = "ty" },
]

[package.metadata]

[package.metadata.requires-dev]
dev = [
    { name = "prek", specifier = ">=0.4.5" },
    { name = "pytest", specifier = ">=9.1.1" },
    { name = "ty", specifier = ">=0.0.51" },
]
